
Microsoft Visual Studio Solution File, Format Version 12.00
# Visual Studio 15
Project("{FAE04EC0-301F-11D3-BF4B-00C04F79EFBC}") = "Sample.iOS", "Sample.iOS\Sample.iOS.csproj", "{A369EA08-ADE9-4416-B6F0-BDB895A1F2D1}"
EndProject
Project("{FAE04EC0-301F-11D3-BF4B-00C04F79EFBC}") = "Sample", "Sample\Sample.csproj", "{CCD28F85-2942-498F-A6C2-0F7F7F64B1DC}"
EndProject
Global
	GlobalSection(SolutionConfigurationPlatforms) = preSolution
		Debug|iPhoneSimulator = Debug|iPhoneSimulator
		Release|iPhoneSimulator = Release|iPhoneSimulator
		Debug|iPhone = Debug|iPhone
		Release|iPhone = Release|iPhone
		Debug|Any CPU = Debug|Any CPU
		Release|Any CPU = Release|Any CPU
	EndGlobalSection
	GlobalSection(ProjectConfigurationPlatforms) = postSolution
		{A369EA08-ADE9-4416-B6F0-BDB895A1F2D1}.Debug|iPhoneSimulator.ActiveCfg = Debug|iPhoneSimulator
		{A369EA08-ADE9-4416-B6F0-BDB895A1F2D1}.Debug|iPhoneSimulator.Build.0 = Debug|iPhoneSimulator
		{A369EA08-ADE9-4416-B6F0-BDB895A1F2D1}.Release|iPhoneSimulator.ActiveCfg = Release|iPhoneSimulator
		{A369EA08-ADE9-4416-B6F0-BDB895A1F2D1}.Release|iPhoneSimulator.Build.0 = Release|iPhoneSimulator
		{A369EA08-ADE9-4416-B6F0-BDB895A1F2D1}.Debug|iPhone.ActiveCfg = Debug|iPhone
		{A369EA08-ADE9-4416-B6F0-BDB895A1F2D1}.Debug|iPhone.Build.0 = Debug|iPhone
		{A369EA08-ADE9-4416-B6F0-BDB895A1F2D1}.Release|iPhone.ActiveCfg = Release|iPhone
		{A369EA08-ADE9-4416-B6F0-BDB895A1F2D1}.Release|iPhone.Build.0 = Release|iPhone
		{A369EA08-ADE9-4416-B6F0-BDB895A1F2D1}.Debug|Any CPU.ActiveCfg = Debug|iPhoneSimulator
		{A369EA08-ADE9-4416-B6F0-BDB895A1F2D1}.Debug|Any CPU.Build.0 = Debug|iPhoneSimulator
		{A369EA08-ADE9-4416-B6F0-BDB895A1F2D1}.Release|Any CPU.ActiveCfg = Release|iPhoneSimulator
		{A369EA08-ADE9-4416-B6F0-BDB895A1F2D1}.Release|Any CPU.Build.0 = Release|iPhoneSimulator
		{CCD28F85-2942-498F-A6C2-0F7F7F64B1DC}.Debug|iPhoneSimulator.ActiveCfg = Debug|Any CPU
		{CCD28F85-2942-498F-A6C2-0F7F7F64B1DC}.Debug|iPhoneSimulator.Build.0 = Debug|Any CPU
		{CCD28F85-2942-498F-A6C2-0F7F7F64B1DC}.Release|iPhoneSimulator.ActiveCfg = Release|Any CPU
		{CCD28F85-2942-498F-A6C2-0F7F7F64B1DC}.Release|iPhoneSimulator.Build.0 = Release|Any CPU
		{CCD28F85-2942-498F-A6C2-0F7F7F64B1DC}.Debug|iPhone.ActiveCfg = Debug|Any CPU
		{CCD28F85-2942-498F-A6C2-0F7F7F64B1DC}.Debug|iPhone.Build.0 = Debug|Any CPU
		{CCD28F85-2942-498F-A6C2-0F7F7F64B1DC}.Release|iPhone.ActiveCfg = Release|Any CPU
		{CCD28F85-2942-498F-A6C2-0F7F7F64B1DC}.Release|iPhone.Build.0 = Release|Any CPU
		{CCD28F85-2942-498F-A6C2-0F7F7F64B1DC}.Debug|Any CPU.ActiveCfg = Debug|Any CPU
		{CCD28F85-2942-498F-A6C2-0F7F7F64B1DC}.Debug|Any CPU.Build.0 = Debug|Any CPU
		{CCD28F85-2942-498F-A6C2-0F7F7F64B1DC}.Release|Any CPU.ActiveCfg = Release|Any CPU
		{CCD28F85-2942-498F-A6C2-0F7F7F64B1DC}.Release|Any CPU.Build.0 = Release|Any CPU
	EndGlobalSection
EndGlobal
